
Microsoft Visual Studio Solution File, Format Version 12.00
# Visual Studio Version 17
VisualStudioVersion = 17.4.33110.190
MinimumVisualStudioVersion = 10.0.40219.1
Project("{9A19103F-16F7-4668-BE54-9A1E7A4F7556}") = "WebApplication1", "WebApplication1.csproj", "{7C822A62-5E6E-44D1-B272-46055E705894}"
EndProject
Project("{9A19103F-16F7-4668-BE54-9A1E7A4F7556}") = "ConsoleApp1", "..\ConsoleApp1\ConsoleApp1.csproj", "{BB455159-19BE-424E-896A-29DE2A5A255C}"
EndProject
Project("{9A19103F-16F7-4668-BE54-9A1E7A4F7556}") = "DataAccess", "..\DataAccess\DataAccess.csproj", "{CDD81AC7-DC7D-4E07-AD95-3E263114BD47}"
EndProject
Project("{FAE04EC0-301F-11D3-BF4B-00C04F79EFBC}") = "BusinessLogic", "..\BusinessLogic\BusinessLogic.csproj", "{09C51E2E-81EC-46AC-A019-A7E274A4C732}"
EndProject
Global
	GlobalSection(SolutionConfigurationPlatforms) = preSolution
		Debug|Any CPU = Debug|Any CPU
		Release|Any CPU = Release|Any CPU
	EndGlobalSection
	GlobalSection(ProjectConfigurationPlatforms) = postSolution
		{7C822A62-5E6E-44D1-B272-46055E705894}.Debug|Any CPU.ActiveCfg = Debug|Any CPU
		{7C822A62-5E6E-44D1-B272-46055E705894}.Debug|Any CPU.Build.0 = Debug|Any CPU
		{7C822A62-5E6E-44D1-B272-46055E705894}.Release|Any CPU.ActiveCfg = Release|Any CPU
		{7C822A62-5E6E-44D1-B272-46055E705894}.Release|Any CPU.Build.0 = Release|Any CPU
		{BB455159-19BE-424E-896A-29DE2A5A255C}.Debug|Any CPU.ActiveCfg = Debug|Any CPU
		{BB455159-19BE-424E-896A-29DE2A5A255C}.Debug|Any CPU.Build.0 = Debug|Any CPU
		{BB455159-19BE-424E-896A-29DE2A5A255C}.Release|Any CPU.ActiveCfg = Release|Any CPU
		{BB455159-19BE-424E-896A-29DE2A5A255C}.Release|Any CPU.Build.0 = Release|Any CPU
		{CDD81AC7-DC7D-4E07-AD95-3E263114BD47}.Debug|Any CPU.ActiveCfg = Debug|Any CPU
		{CDD81AC7-DC7D-4E07-AD95-3E263114BD47}.Debug|Any CPU.Build.0 = Debug|Any CPU
		{CDD81AC7-DC7D-4E07-AD95-3E263114BD47}.Release|Any CPU.ActiveCfg = Release|Any CPU
		{CDD81AC7-DC7D-4E07-AD95-3E263114BD47}.Release|Any CPU.Build.0 = Release|Any CPU
		{09C51E2E-81EC-46AC-A019-A7E274A4C732}.Debug|Any CPU.ActiveCfg = Debug|Any CPU
		{09C51E2E-81EC-46AC-A019-A7E274A4C732}.Debug|Any CPU.Build.0 = Debug|Any CPU
		{09C51E2E-81EC-46AC-A019-A7E274A4C732}.Release|Any CPU.ActiveCfg = Release|Any CPU
		{09C51E2E-81EC-46AC-A019-A7E274A4C732}.Release|Any CPU.Build.0 = Release|Any CPU
	EndGlobalSection
	GlobalSection(SolutionProperties) = preSolution
		HideSolutionNode = FALSE
	EndGlobalSection
	GlobalSection(ExtensibilityGlobals) = postSolution
		SolutionGuid = {F657E846-53BD-4366-81BD-33BFC7851ED3}
	EndGlobalSection
EndGlobal
